// !$*UTF8*$!
{
	archiveVersion = 1;
	classes = {
	};
	objectVersion = 48;
	objects = {

/* Begin PBXBuildFile section */
		26C7414794255955FD6F796A /* Pods_Manager.framework in Frameworks */ = {isa = PBXBuildFile; fileRef = 3F1554D55FEE53C9237F5BB1 /* Pods_Manager.framework */; };
		671C8031390F0D70362F11F8 /* Pods_ManagerUITests.framework in Frameworks */ = {isa = PBXBuildFile; fileRef = ED906885BE92D286C981A832 /* Pods_ManagerUITests.framework */; };
		CF32AB88205E4DBA00E43CC3 /* ChatViewController.swift in Sources */ = {isa = PBXBuildFile; fileRef = CF32AB87205E4DBA00E43CC3 /* ChatViewController.swift */; };
		CF32AB8A205E4E2400E43CC3 /* ChatDetailViewController.swift in Sources */ = {isa = PBXBuildFile; fileRef = CF32AB89205E4E2400E43CC3 /* ChatDetailViewController.swift */; };
		CF32AB8D205E51B900E43CC3 /* InfoViewController.swift in Sources */ = {isa = PBXBuildFile; fileRef = CF32AB8C205E51B900E43CC3 /* InfoViewController.swift */; };
		CF32AB90205E54EA00E43CC3 /* ChatDataSource.swift in Sources */ = {isa = PBXBuildFile; fileRef = CF32AB8F205E54EA00E43CC3 /* ChatDataSource.swift */; };
		CF32AB92205E551100E43CC3 /* UserInfo.swift in Sources */ = {isa = PBXBuildFile; fileRef = CF32AB91205E551100E43CC3 /* UserInfo.swift */; };
		CF32AB94205E552000E43CC3 /* MessageItem.swift in Sources */ = {isa = PBXBuildFile; fileRef = CF32AB93205E552000E43CC3 /* MessageItem.swift */; };
		CF32AB97205E556800E43CC3 /* TableView.swift in Sources */ = {isa = PBXBuildFile; fileRef = CF32AB96205E556800E43CC3 /* TableView.swift */; };
		CF32AB99205E558900E43CC3 /* TableHeaderViewCellTableViewCell.swift in Sources */ = {isa = PBXBuildFile; fileRef = CF32AB98205E558900E43CC3 /* TableHeaderViewCellTableViewCell.swift */; };
		CF32AB9B205E55AF00E43CC3 /* TableViewCell.swift in Sources */ = {isa = PBXBuildFile; fileRef = CF32AB9A205E55AF00E43CC3 /* TableViewCell.swift */; };
		CF373276204E579100DAA0A0 /* AppDelegate.swift in Sources */ = {isa = PBXBuildFile; fileRef = CF373275204E579100DAA0A0 /* AppDelegate.swift */; };
		CF373278204E579100DAA0A0 /* DataViewController.swift in Sources */ = {isa = PBXBuildFile; fileRef = CF373277204E579100DAA0A0 /* DataViewController.swift */; };
		CF37327B204E579100DAA0A0 /* Main.storyboard in Resources */ = {isa = PBXBuildFile; fileRef = CF373279204E579100DAA0A0 /* Main.storyboard */; };
		CF37327D204E579100DAA0A0 /* Assets.xcassets in Resources */ = {isa = PBXBuildFile; fileRef = CF37327C204E579100DAA0A0 /* Assets.xcassets */; };
		CF373280204E579100DAA0A0 /* LaunchScreen.storyboard in Resources */ = {isa = PBXBuildFile; fileRef = CF37327E204E579100DAA0A0 /* LaunchScreen.storyboard */; };
		CF37328B204E579100DAA0A0 /* ManagerTests.swift in Sources */ = {isa = PBXBuildFile; fileRef = CF37328A204E579100DAA0A0 /* ManagerTests.swift */; };
		CF373296204E579100DAA0A0 /* ManagerUITests.swift in Sources */ = {isa = PBXBuildFile; fileRef = CF373295204E579100DAA0A0 /* ManagerUITests.swift */; };
		CF3732A3204E594C00DAA0A0 /* Charts.framework in Frameworks */ = {isa = PBXBuildFile; fileRef = CF3732A4204E594C00DAA0A0 /* Charts.framework */; };
		CF5EA59B2050E9800085AF2C /* DataTypeChooseViewController.swift in Sources */ = {isa = PBXBuildFile; fileRef = CF5EA59A2050E9800085AF2C /* DataTypeChooseViewController.swift */; };
		CF5EA59D2050F0670085AF2C /* ChartValueFormatter.swift in Sources */ = {isa = PBXBuildFile; fileRef = CF5EA59C2050F0670085AF2C /* ChartValueFormatter.swift */; };
		CF5EA59F2051119B0085AF2C /* XAisValueFormatter.swift in Sources */ = {isa = PBXBuildFile; fileRef = CF5EA59E2051119B0085AF2C /* XAisValueFormatter.swift */; };
		CF5EA5A1205113560085AF2C /* YAisValueFormatter.swift in Sources */ = {isa = PBXBuildFile; fileRef = CF5EA5A0205113560085AF2C /* YAisValueFormatter.swift */; };
		CFA377B5206662F900805173 /* LoginViewController.swift in Sources */ = {isa = PBXBuildFile; fileRef = CFA377B4206662F900805173 /* LoginViewController.swift */; };
		CFA95E19206268050029CC2A /* PlantRecognizeViewController.swift in Sources */ = {isa = PBXBuildFile; fileRef = CFA95E18206268050029CC2A /* PlantRecognizeViewController.swift */; };
		CFA95E1B206287D70029CC2A /* Uitility.swift in Sources */ = {isa = PBXBuildFile; fileRef = CFA95E1A206287D70029CC2A /* Uitility.swift */; };
		DD25EE60CCECF2816EF2C5E6 /* Pods_ManagerTests.framework in Frameworks */ = {isa = PBXBuildFile; fileRef = 3A40DDDE4BBC5CCDAF7DA5C3 /* Pods_ManagerTests.framework */; };
/* End PBXBuildFile section */

/* Begin PBXContainerItemProxy section */
		CF373287204E579100DAA0A0 /* PBXContainerItemProxy */ = {
			isa = PBXContainerItemProxy;
			containerPortal = CF37326A204E579100DAA0A0 /* Project object */;
			proxyType = 1;
			remoteGlobalIDString = CF373271204E579100DAA0A0;
			remoteInfo = Manager;
		};
		CF373292204E579100DAA0A0 /* PBXContainerItemProxy */ = {
			isa = PBXContainerItemProxy;
			containerPortal = CF37326A204E579100DAA0A0 /* Project object */;
			proxyType = 1;
			remoteGlobalIDString = CF373271204E579100DAA0A0;
			remoteInfo = Manager;
		};
/* End PBXContainerItemProxy section */

/* Begin PBXCopyFilesBuildPhase section */
		CF29E803205FD31400E4B243 /* Embed Frameworks */ = {
			isa = PBXCopyFilesBuildPhase;
			buildActionMask = 2147483647;
			dstPath = "";
			dstSubfolderSpec = 10;
			files = (
			);
			name = "Embed Frameworks";
			runOnlyForDeploymentPostprocessing = 0;
		};
/* End PBXCopyFilesBuildPhase section */

/* Begin PBXFileReference section */
		3A40DDDE4BBC5CCDAF7DA5C3 /* Pods_ManagerTests.framework */ = {isa = PBXFileReference; explicitFileType = wrapper.framework; includeInIndex = 0; path = Pods_ManagerTests.framework; sourceTree = BUILT_PRODUCTS_DIR; };
		3F1554D55FEE53C9237F5BB1 /* Pods_Manager.framework */ = {isa = PBXFileReference; explicitFileType = wrapper.framework; includeInIndex = 0; path = Pods_Manager.framework; sourceTree = BUILT_PRODUCTS_DIR; };
		46A44C12DDB75B5148D65F97 /* Pods-ManagerUITests.debug.xcconfig */ = {isa = PBXFileReference; includeInIndex = 1; lastKnownFileType = text.xcconfig; name = "Pods-ManagerUITests.debug.xcconfig"; path = "Pods/Target Support Files/Pods-ManagerUITests/Pods-ManagerUITests.debug.xcconfig"; sourceTree = "<group>"; };
		5D322CE9BCA4687EFE2D3BCE /* Pods-Manager.debug.xcconfig */ = {isa = PBXFileReference; includeInIndex = 1; lastKnownFileType = text.xcconfig; name = "Pods-Manager.debug.xcconfig"; path = "Pods/Target Support Files/Pods-Manager/Pods-Manager.debug.xcconfig"; sourceTree = "<group>"; };
		63F2088D78EF940F25955AA5 /* Pods-Manager.release.xcconfig */ = {isa = PBXFileReference; includeInIndex = 1; lastKnownFileType = text.xcconfig; name = "Pods-Manager.release.xcconfig"; path = "Pods/Target Support Files/Pods-Manager/Pods-Manager.release.xcconfig"; sourceTree = "<group>"; };
		86D6E7864C2AAF1628A4FF2A /* Pods-ManagerTests.debug.xcconfig */ = {isa = PBXFileReference; includeInIndex = 1; lastKnownFileType = text.xcconfig; name = "Pods-ManagerTests.debug.xcconfig"; path = "Pods/Target Support Files/Pods-ManagerTests/Pods-ManagerTests.debug.xcconfig"; sourceTree = "<group>"; };
		8EBE229C4D19705D6287A0E5 /* Pods-ManagerUITests.release.xcconfig */ = {isa = PBXFileReference; includeInIndex = 1; lastKnownFileType = text.xcconfig; name = "Pods-ManagerUITests.release.xcconfig"; path = "Pods/Target Support Files/Pods-ManagerUITests/Pods-ManagerUITests.release.xcconfig"; sourceTree = "<group>"; };
		AC1DF2E982E226B58918C0DB /* Pods-ManagerTests.release.xcconfig */ = {isa = PBXFileReference; includeInIndex = 1; lastKnownFileType = text.xcconfig; name = "Pods-ManagerTests.release.xcconfig"; path = "Pods/Target Support Files/Pods-ManagerTests/Pods-ManagerTests.release.xcconfig"; sourceTree = "<group>"; };
		CF32AB87205E4DBA00E43CC3 /* ChatViewController.swift */ = {isa = PBXFileReference; lastKnownFileType = sourcecode.swift; path = ChatViewController.swift; sourceTree = "<group>"; };
		CF32AB89205E4E2400E43CC3 /* ChatDetailViewController.swift */ = {isa = PBXFileReference; lastKnownFileType = sourcecode.swift; path = ChatDetailViewController.swift; sourceTree = "<group>"; };
		CF32AB8C205E51B900E43CC3 /* InfoViewController.swift */ = {isa = PBXFileReference; lastKnownFileType = sourcecode.swift; path = InfoViewController.swift; sourceTree = "<group>"; };
		CF32AB8F205E54EA00E43CC3 /* ChatDataSource.swift */ = {isa = PBXFileReference; lastKnownFileType = sourcecode.swift; name = ChatDataSource.swift; path = Manager/Chat/ChatDataSource.swift; sourceTree = SOURCE_ROOT; };
		CF32AB91205E551100E43CC3 /* UserInfo.swift */ = {isa = PBXFileReference; lastKnownFileType = sourcecode.swift; name = UserInfo.swift; path = Manager/Chat/UserInfo.swift; sourceTree = SOURCE_ROOT; };
		CF32AB93205E552000E43CC3 /* MessageItem.swift */ = {isa = PBXFileReference; lastKnownFileType = sourcecode.swift; name = MessageItem.swift; path = Manager/Chat/MessageItem.swift; sourceTree = SOURCE_ROOT; };
		CF32AB96205E556800E43CC3 /* TableView.swift */ = {isa = PBXFileReference; lastKnownFileType = sourcecode.swift; path = TableView.swift; sourceTree = "<group>"; };
		CF32AB98205E558900E43CC3 /* TableHeaderViewCellTableViewCell.swift */ = {isa = PBXFileReference; lastKnownFileType = sourcecode.swift; path = TableHeaderViewCellTableViewCell.swift; sourceTree = "<group>"; };
		CF32AB9A205E55AF00E43CC3 /* TableViewCell.swift */ = {isa = PBXFileReference; lastKnownFileType = sourcecode.swift; path = TableViewCell.swift; sourceTree = "<group>"; };
		CF373272204E579100DAA0A0 /* Manager.app */ = {isa = PBXFileReference; explicitFileType = wrapper.application; includeInIndex = 0; path = Manager.app; sourceTree = BUILT_PRODUCTS_DIR; };
		CF373275204E579100DAA0A0 /* AppDelegate.swift */ = {isa = PBXFileReference; lastKnownFileType = sourcecode.swift; path = AppDelegate.swift; sourceTree = "<group>"; };
		CF373277204E579100DAA0A0 /* DataViewController.swift */ = {isa = PBXFileReference; lastKnownFileType = sourcecode.swift; path = DataViewController.swift; sourceTree = "<group>"; };
		CF37327A204E579100DAA0A0 /* Base */ = {isa = PBXFileReference; lastKnownFileType = file.storyboard; name = Base; path = Base.lproj/Main.storyboard; sourceTree = "<group>"; };
		CF37327C204E579100DAA0A0 /* Assets.xcassets */ = {isa = PBXFileReference; lastKnownFileType = folder.assetcatalog; path = Assets.xcassets; sourceTree = "<group>"; };
		CF37327F204E579100DAA0A0 /* Base */ = {isa = PBXFileReference; lastKnownFileType = file.storyboard; name = Base; path = Base.lproj/LaunchScreen.storyboard; sourceTree = "<group>"; };
		CF373281204E579100DAA0A0 /* Info.plist */ = {isa = PBXFileReference; lastKnownFileType = text.plist.xml; path = Info.plist; sourceTree = "<group>"; };
		CF373286204E579100DAA0A0 /* ManagerTests.xctest */ = {isa = PBXFileReference; explicitFileType = wrapper.cfbundle; includeInIndex = 0; path = ManagerTests.xctest; sourceTree = BUILT_PRODUCTS_DIR; };
		CF37328A204E579100DAA0A0 /* ManagerTests.swift */ = {isa = PBXFileReference; lastKnownFileType = sourcecode.swift; path = ManagerTests.swift; sourceTree = "<group>"; };
		CF37328C204E579100DAA0A0 /* Info.plist */ = {isa = PBXFileReference; lastKnownFileType = text.plist.xml; path = Info.plist; sourceTree = "<group>"; };
		CF373291204E579100DAA0A0 /* ManagerUITests.xctest */ = {isa = PBXFileReference; explicitFileType = wrapper.cfbundle; includeInIndex = 0; path = ManagerUITests.xctest; sourceTree = BUILT_PRODUCTS_DIR; };
		CF373295204E579100DAA0A0 /* ManagerUITests.swift */ = {isa = PBXFileReference; lastKnownFileType = sourcecode.swift; path = ManagerUITests.swift; sourceTree = "<group>"; };
		CF373297204E579100DAA0A0 /* Info.plist */ = {isa = PBXFileReference; lastKnownFileType = text.plist.xml; path = Info.plist; sourceTree = "<group>"; };
		CF3732A4204E594C00DAA0A0 /* Charts.framework */ = {isa = PBXFileReference; explicitFileType = wrapper.framework; path = Charts.framework; sourceTree = BUILT_PRODUCTS_DIR; };
		CF5EA59A2050E9800085AF2C /* DataTypeChooseViewController.swift */ = {isa = PBXFileReference; lastKnownFileType = sourcecode.swift; path = DataTypeChooseViewController.swift; sourceTree = "<group>"; };
		CF5EA59C2050F0670085AF2C /* ChartValueFormatter.swift */ = {isa = PBXFileReference; lastKnownFileType = sourcecode.swift; path = ChartValueFormatter.swift; sourceTree = "<group>"; };
		CF5EA59E2051119B0085AF2C /* XAisValueFormatter.swift */ = {isa = PBXFileReference; lastKnownFileType = sourcecode.swift; path = XAisValueFormatter.swift; sourceTree = "<group>"; };
		CF5EA5A0205113560085AF2C /* YAisValueFormatter.swift */ = {isa = PBXFileReference; lastKnownFileType = sourcecode.swift; path = YAisValueFormatter.swift; sourceTree = "<group>"; };
		CFA377B4206662F900805173 /* LoginViewController.swift */ = {isa = PBXFileReference; lastKnownFileType = sourcecode.swift; path = LoginViewController.swift; sourceTree = "<group>"; };
		CFA95E18206268050029CC2A /* PlantRecognizeViewController.swift */ = {isa = PBXFileReference; lastKnownFileType = sourcecode.swift; path = PlantRecognizeViewController.swift; sourceTree = "<group>"; };
		CFA95E1A206287D70029CC2A /* Uitility.swift */ = {isa = PBXFileReference; lastKnownFileType = sourcecode.swift; path = Uitility.swift; sourceTree = "<group>"; };
		ED906885BE92D286C981A832 /* Pods_ManagerUITests.framework */ = {isa = PBXFileReference; explicitFileType = wrapper.framework; includeInIndex = 0; path = Pods_ManagerUITests.framework; sourceTree = BUILT_PRODUCTS_DIR; };
/* End PBXFileReference section */

/* Begin PBXFrameworksBuildPhase section */
		CF37326F204E579100DAA0A0 /* Frameworks */ = {
			isa = PBXFrameworksBuildPhase;
			buildActionMask = 2147483647;
			files = (
				CF3732A3204E594C00DAA0A0 /* Charts.framework in Frameworks */,
				26C7414794255955FD6F796A /* Pods_Manager.framework in Frameworks */,
			);
			runOnlyForDeploymentPostprocessing = 0;
		};
		CF373283204E579100DAA0A0 /* Frameworks */ = {
			isa = PBXFrameworksBuildPhase;
			buildActionMask = 2147483647;
			files = (
				DD25EE60CCECF2816EF2C5E6 /* Pods_ManagerTests.framework in Frameworks */,
			);
			runOnlyForDeploymentPostprocessing = 0;
		};
		CF37328E204E579100DAA0A0 /* Frameworks */ = {
			isa = PBXFrameworksBuildPhase;
			buildActionMask = 2147483647;
			files = (
				671C8031390F0D70362F11F8 /* Pods_ManagerUITests.framework in Frameworks */,
			);
			runOnlyForDeploymentPostprocessing = 0;
		};
/* End PBXFrameworksBuildPhase section */

/* Begin PBXGroup section */
		6858C6AA4B4BD88FB1D1FCE6 /* Pods */ = {
			isa = PBXGroup;
			children = (
				5D322CE9BCA4687EFE2D3BCE /* Pods-Manager.debug.xcconfig */,
				63F2088D78EF940F25955AA5 /* Pods-Manager.release.xcconfig */,
				86D6E7864C2AAF1628A4FF2A /* Pods-ManagerTests.debug.xcconfig */,
				AC1DF2E982E226B58918C0DB /* Pods-ManagerTests.release.xcconfig */,
				46A44C12DDB75B5148D65F97 /* Pods-ManagerUITests.debug.xcconfig */,
				8EBE229C4D19705D6287A0E5 /* Pods-ManagerUITests.release.xcconfig */,
			);
			name = Pods;
			sourceTree = "<group>";
		};
		94D21716610886AAFABBD1C0 /* Frameworks */ = {
			isa = PBXGroup;
			children = (
				CF3732A4204E594C00DAA0A0 /* Charts.framework */,
				3F1554D55FEE53C9237F5BB1 /* Pods_Manager.framework */,
				3A40DDDE4BBC5CCDAF7DA5C3 /* Pods_ManagerTests.framework */,
				ED906885BE92D286C981A832 /* Pods_ManagerUITests.framework */,
			);
			name = Frameworks;
			sourceTree = "<group>";
		};
		CF32AB8B205E4E3000E43CC3 /* Chat */ = {
			isa = PBXGroup;
			children = (
				CF32AB95205E554700E43CC3 /* view */,
				CF32AB8E205E546F00E43CC3 /* model */,
				CF32AB89205E4E2400E43CC3 /* ChatDetailViewController.swift */,
				CF32AB87205E4DBA00E43CC3 /* ChatViewController.swift */,
				CF32AB8C205E51B900E43CC3 /* InfoViewController.swift */,
				CFA95E18206268050029CC2A /* PlantRecognizeViewController.swift */,
			);
			path = Chat;
			sourceTree = "<group>";
		};
		CF32AB8E205E546F00E43CC3 /* model */ = {
			isa = PBXGroup;
			children = (
				CF32AB8F205E54EA00E43CC3 /* ChatDataSource.swift */,
				CF32AB91205E551100E43CC3 /* UserInfo.swift */,
				CF32AB93205E552000E43CC3 /* MessageItem.swift */,
			);
			path = model;
			sourceTree = "<group>";
		};
		CF32AB95205E554700E43CC3 /* view */ = {
			isa = PBXGroup;
			children = (
				CF32AB96205E556800E43CC3 /* TableView.swift */,
				CF32AB98205E558900E43CC3 /* TableHeaderViewCellTableViewCell.swift */,
				CF32AB9A205E55AF00E43CC3 /* TableViewCell.swift */,
			);
			path = view;
			sourceTree = "<group>";
		};
		CF373269204E579100DAA0A0 = {
			isa = PBXGroup;
			children = (
				CF373274204E579100DAA0A0 /* Manager */,
				CF373289204E579100DAA0A0 /* ManagerTests */,
				CF373294204E579100DAA0A0 /* ManagerUITests */,
				CF373273204E579100DAA0A0 /* Products */,
				6858C6AA4B4BD88FB1D1FCE6 /* Pods */,
				94D21716610886AAFABBD1C0 /* Frameworks */,
			);
			sourceTree = "<group>";
		};
		CF373273204E579100DAA0A0 /* Products */ = {
			isa = PBXGroup;
			children = (
				CF373272204E579100DAA0A0 /* Manager.app */,
				CF373286204E579100DAA0A0 /* ManagerTests.xctest */,
				CF373291204E579100DAA0A0 /* ManagerUITests.xctest */,
			);
			name = Products;
			sourceTree = "<group>";
		};
		CF373274204E579100DAA0A0 /* Manager */ = {
			isa = PBXGroup;
			children = (
				CFA377B4206662F900805173 /* LoginViewController.swift */,
				CF5EA5A3205117620085AF2C /* Supporting Files */,
				CF5EA5A2205116570085AF2C /* Data */,
				CF373279204E579100DAA0A0 /* Main.storyboard */,
				CF32AB8B205E4E3000E43CC3 /* Chat */,
				CF37327C204E579100DAA0A0 /* Assets.xcassets */,
				CF373281204E579100DAA0A0 /* Info.plist */,
				CFA95E1A206287D70029CC2A /* Uitility.swift */,
			);
			path = Manager;
			sourceTree = "<group>";
		};
		CF373289204E579100DAA0A0 /* ManagerTests */ = {
			isa = PBXGroup;
			children = (
				CF37328A204E579100DAA0A0 /* ManagerTests.swift */,
				CF37328C204E579100DAA0A0 /* Info.plist */,
			);
			path = ManagerTests;
			sourceTree = "<group>";
		};
		CF373294204E579100DAA0A0 /* ManagerUITests */ = {
			isa = PBXGroup;
			children = (
				CF373295204E579100DAA0A0 /* ManagerUITests.swift */,
				CF373297204E579100DAA0A0 /* Info.plist */,
			);
			path = ManagerUITests;
			sourceTree = "<group>";
		};
		CF5EA5A2205116570085AF2C /* Data */ = {
			isa = PBXGroup;
			children = (
				CF373277204E579100DAA0A0 /* DataViewController.swift */,
				CF5EA59C2050F0670085AF2C /* ChartValueFormatter.swift */,
				CF5EA59E2051119B0085AF2C /* XAisValueFormatter.swift */,
				CF5EA5A0205113560085AF2C /* YAisValueFormatter.swift */,
				CF5EA59A2050E9800085AF2C /* DataTypeChooseViewController.swift */,
			);
			path = Data;
			sourceTree = "<group>";
		};
		CF5EA5A3205117620085AF2C /* Supporting Files */ = {
			isa = PBXGroup;
			children = (
				CF373275204E579100DAA0A0 /* AppDelegate.swift */,
				CF37327E204E579100DAA0A0 /* LaunchScreen.storyboard */,
			);
			path = "Supporting Files";
			sourceTree = "<group>";
		};
/* End PBXGroup section */

/* Begin PBXNativeTarget section */
		CF373271204E579100DAA0A0 /* Manager */ = {
			isa = PBXNativeTarget;
			buildConfigurationList = CF37329A204E579100DAA0A0 /* Build configuration list for PBXNativeTarget "Manager" */;
			buildPhases = (
				4F4DA1784382D2D5B25BBB90 /* [CP] Check Pods Manifest.lock */,
				CF37326E204E579100DAA0A0 /* Sources */,
				CF37326F204E579100DAA0A0 /* Frameworks */,
				CF373270204E579100DAA0A0 /* Resources */,
				0B1D13296D03CC31B4A47F4C /* [CP] Embed Pods Frameworks */,
				261411A596A98B3CFE5376B1 /* [CP] Copy Pods Resources */,
				CF29E803205FD31400E4B243 /* Embed Frameworks */,
			);
			buildRules = (
			);
			dependencies = (
			);
			name = Manager;
			productName = Manager;
			productReference = CF373272204E579100DAA0A0 /* Manager.app */;
			productType = "com.apple.product-type.application";
		};
		CF373285204E579100DAA0A0 /* ManagerTests */ = {
			isa = PBXNativeTarget;
			buildConfigurationList = CF37329D204E579100DAA0A0 /* Build configuration list for PBXNativeTarget "ManagerTests" */;
			buildPhases = (
				622066167D4BA5FA34AB42D8 /* [CP] Check Pods Manifest.lock */,
				CF373282204E579100DAA0A0 /* Sources */,
				CF373283204E579100DAA0A0 /* Frameworks */,
				CF373284204E579100DAA0A0 /* Resources */,
				2DA87EBDC99069F23D73C742 /* [CP] Embed Pods Frameworks */,
				5194CFB9E2CA8B3E7EE2A4F7 /* [CP] Copy Pods Resources */,
			);
			buildRules = (
			);
			dependencies = (
				CF373288204E579100DAA0A0 /* PBXTargetDependency */,
			);
			name = ManagerTests;
			productName = ManagerTests;
			productReference = CF373286204E579100DAA0A0 /* ManagerTests.xctest */;
			productType = "com.apple.product-type.bundle.unit-test";
		};
		CF373290204E579100DAA0A0 /* ManagerUITests */ = {
			isa = PBXNativeTarget;
			buildConfigurationList = CF3732A0204E579100DAA0A0 /* Build configuration list for PBXNativeTarget "ManagerUITests" */;
			buildPhases = (
				DC66000691155C23AC0174AB /* [CP] Check Pods Manifest.lock */,
				CF37328D204E579100DAA0A0 /* Sources */,
				CF37328E204E579100DAA0A0 /* Frameworks */,
				CF37328F204E579100DAA0A0 /* Resources */,
				3CAF62667EA7C3FFCAD03F5F /* [CP] Embed Pods Frameworks */,
				A3298987A245570AA536C4FF /* [CP] Copy Pods Resources */,
			);
			buildRules = (
			);
			dependencies = (
				CF373293204E579100DAA0A0 /* PBXTargetDependency */,
			);
			name = ManagerUITests;
			productName = ManagerUITests;
			productReference = CF373291204E579100DAA0A0 /* ManagerUITests.xctest */;
			productType = "com.apple.product-type.bundle.ui-testing";
		};
/* End PBXNativeTarget section */

/* Begin PBXProject section */
		CF37326A204E579100DAA0A0 /* Project object */ = {
			isa = PBXProject;
			attributes = {
				LastSwiftUpdateCheck = 0920;
				LastUpgradeCheck = 0920;
				ORGANIZATIONNAME = "冰洁  杨";
				TargetAttributes = {
					CF373271204E579100DAA0A0 = {
						CreatedOnToolsVersion = 9.2;
						ProvisioningStyle = Automatic;
					};
					CF373285204E579100DAA0A0 = {
						CreatedOnToolsVersion = 9.2;
						ProvisioningStyle = Automatic;
						TestTargetID = CF373271204E579100DAA0A0;
					};
					CF373290204E579100DAA0A0 = {
						CreatedOnToolsVersion = 9.2;
						ProvisioningStyle = Automatic;
						TestTargetID = CF373271204E579100DAA0A0;
					};
				};
			};
			buildConfigurationList = CF37326D204E579100DAA0A0 /* Build configuration list for PBXProject "Manager" */;
			compatibilityVersion = "Xcode 8.0";
			developmentRegion = en;
			hasScannedForEncodings = 0;
			knownRegions = (
				en,
				Base,
			);
			mainGroup = CF373269204E579100DAA0A0;
			productRefGroup = CF373273204E579100DAA0A0 /* Products */;
			projectDirPath = "";
			projectRoot = "";
			targets = (
				CF373271204E579100DAA0A0 /* Manager */,
				CF373285204E579100DAA0A0 /* ManagerTests */,
				CF373290204E579100DAA0A0 /* ManagerUITests */,
			);
		};
/* End PBXProject section */

/* Begin PBXResourcesBuildPhase section */
		CF373270204E579100DAA0A0 /* Resources */ = {
			isa = PBXResourcesBuildPhase;
			buildActionMask = 2147483647;
			files = (
				CF373280204E579100DAA0A0 /* LaunchScreen.storyboard in Resources */,
				CF37327D204E579100DAA0A0 /* Assets.xcassets in Resources */,
				CF37327B204E579100DAA0A0 /* Main.storyboard in Resources */,
			);
			runOnlyForDeploymentPostprocessing = 0;
		};
		CF373284204E579100DAA0A0 /* Resources */ = {
			isa = PBXResourcesBuildPhase;
			buildActionMask = 2147483647;
			files = (
			);
			runOnlyForDeploymentPostprocessing = 0;
		};
		CF37328F204E579100DAA0A0 /* Resources */ = {
			isa = PBXResourcesBuildPhase;
			buildActionMask = 2147483647;
			files = (
			);
			runOnlyForDeploymentPostprocessing = 0;
		};
/* End PBXResourcesBuildPhase section */

/* Begin PBXShellScriptBuildPhase section */
		0B1D13296D03CC31B4A47F4C /* [CP] Embed Pods Frameworks */ = {
			isa = PBXShellScriptBuildPhase;
			buildActionMask = 2147483647;
			files = (
			);
			inputPaths = (
				"${SRCROOT}/Pods/Target Support Files/Pods-Manager/Pods-Manager-frameworks.sh",
				"${BUILT_PRODUCTS_DIR}/Alamofire/Alamofire.framework",
				"${BUILT_PRODUCTS_DIR}/Charts/Charts.framework",
				"${BUILT_PRODUCTS_DIR}/NVActivityIndicatorView/NVActivityIndicatorView.framework",
			);
			name = "[CP] Embed Pods Frameworks";
			outputPaths = (
				"${TARGET_BUILD_DIR}/${FRAMEWORKS_FOLDER_PATH}/Alamofire.framework",
				"${TARGET_BUILD_DIR}/${FRAMEWORKS_FOLDER_PATH}/Charts.framework",
				"${TARGET_BUILD_DIR}/${FRAMEWORKS_FOLDER_PATH}/NVActivityIndicatorView.framework",
			);
			runOnlyForDeploymentPostprocessing = 0;
			shellPath = /bin/sh;
			shellScript = "\"${SRCROOT}/Pods/Target Support Files/Pods-Manager/Pods-Manager-frameworks.sh\"\n";
			showEnvVarsInLog = 0;
		};
		261411A596A98B3CFE5376B1 /* [CP] Copy Pods Resources */ = {
			isa = PBXShellScriptBuildPhase;
			buildActionMask = 2147483647;
			files = (
			);
			inputPaths = (
			);
			name = "[CP] Copy Pods Resources";
			outputPaths = (
			);
			runOnlyForDeploymentPostprocessing = 0;
			shellPath = /bin/sh;
			shellScript = "\"${SRCROOT}/Pods/Target Support Files/Pods-Manager/Pods-Manager-resources.sh\"\n";
			showEnvVarsInLog = 0;
		};
		2DA87EBDC99069F23D73C742 /* [CP] Embed Pods Frameworks */ = {
			isa = PBXShellScriptBuildPhase;
			buildActionMask = 2147483647;
			files = (
			);
			inputPaths = (
			);
			name = "[CP] Embed Pods Frameworks";
			outputPaths = (
			);
			runOnlyForDeploymentPostprocessing = 0;
			shellPath = /bin/sh;
			shellScript = "\"${SRCROOT}/Pods/Target Support Files/Pods-ManagerTests/Pods-ManagerTests-frameworks.sh\"\n";
			showEnvVarsInLog = 0;
		};
		3CAF62667EA7C3FFCAD03F5F /* [CP] Embed Pods Frameworks */ = {
			isa = PBXShellScriptBuildPhase;
			buildActionMask = 2147483647;
			files = (
			);
			inputPaths = (
			);
			name = "[CP] Embed Pods Frameworks";
			outputPaths = (
			);
			runOnlyForDeploymentPostprocessing = 0;
			shellPath = /bin/sh;
			shellScript = "\"${SRCROOT}/Pods/Target Support Files/Pods-ManagerUITests/Pods-ManagerUITests-frameworks.sh\"\n";
			showEnvVarsInLog = 0;
		};
		4F4DA1784382D2D5B25BBB90 /* [CP] Check Pods Manifest.lock */ = {
			isa = PBXShellScriptBuildPhase;
			buildActionMask = 2147483647;
			files = (
			);
			inputPaths = (
				"${PODS_PODFILE_DIR_PATH}/Podfile.lock",
				"${PODS_ROOT}/Manifest.lock",
			);
			name = "[CP] Check Pods Manifest.lock";
			outputPaths = (
				"$(DERIVED_FILE_DIR)/Pods-Manager-checkManifestLockResult.txt",
			);
			runOnlyForDeploymentPostprocessing = 0;
			shellPath = /bin/sh;
			shellScript = "diff \"${PODS_PODFILE_DIR_PATH}/Podfile.lock\" \"${PODS_ROOT}/Manifest.lock\" > /dev/null\nif [ $? != 0 ] ; then\n    # print error to STDERR\n    echo \"error: The sandbox is not in sync with the Podfile.lock. Run 'pod install' or update your CocoaPods installation.\" >&2\n    exit 1\nfi\n# This output is used by Xcode 'outputs' to avoid re-running this script phase.\necho \"SUCCESS\" > \"${SCRIPT_OUTPUT_FILE_0}\"\n";
			showEnvVarsInLog = 0;
		};
		5194CFB9E2CA8B3E7EE2A4F7 /* [CP] Copy Pods Resources */ = {
			isa = PBXShellScriptBuildPhase;
			buildActionMask = 2147483647;
			files = (
			);
			inputPaths = (
			);
			name = "[CP] Copy Pods Resources";
			outputPaths = (
			);
			runOnlyForDeploymentPostprocessing = 0;
			shellPath = /bin/sh;
			shellScript = "\"${SRCROOT}/Pods/Target Support Files/Pods-ManagerTests/Pods-ManagerTests-resources.sh\"\n";
			showEnvVarsInLog = 0;
		};
		622066167D4BA5FA34AB42D8 /* [CP] Check Pods Manifest.lock */ = {
			isa = PBXShellScriptBuildPhase;
			buildActionMask = 2147483647;
			files = (
			);
			inputPaths = (
				"${PODS_PODFILE_DIR_PATH}/Podfile.lock",
				"${PODS_ROOT}/Manifest.lock",
			);
			name = "[CP] Check Pods Manifest.lock";
			outputPaths = (
				"$(DERIVED_FILE_DIR)/Pods-ManagerTests-checkManifestLockResult.txt",
			);
			runOnlyForDeploymentPostprocessing = 0;
			shellPath = /bin/sh;
			shellScript = "diff \"${PODS_PODFILE_DIR_PATH}/Podfile.lock\" \"${PODS_ROOT}/Manifest.lock\" > /dev/null\nif [ $? != 0 ] ; then\n    # print error to STDERR\n    echo \"error: The sandbox is not in sync with the Podfile.lock. Run 'pod install' or update your CocoaPods installation.\" >&2\n    exit 1\nfi\n# This output is used by Xcode 'outputs' to avoid re-running this script phase.\necho \"SUCCESS\" > \"${SCRIPT_OUTPUT_FILE_0}\"\n";
			showEnvVarsInLog = 0;
		};
		A3298987A245570AA536C4FF /* [CP] Copy Pods Resources */ = {
			isa = PBXShellScriptBuildPhase;
			buildActionMask = 2147483647;
			files = (
			);
			inputPaths = (
			);
			name = "[CP] Copy Pods Resources";
			outputPaths = (
			);
			runOnlyForDeploymentPostprocessing = 0;
			shellPath = /bin/sh;
			shellScript = "\"${SRCROOT}/Pods/Target Support Files/Pods-ManagerUITests/Pods-ManagerUITests-resources.sh\"\n";
			showEnvVarsInLog = 0;
		};
		DC66000691155C23AC0174AB /* [CP] Check Pods Manifest.lock */ = {
			isa = PBXShellScriptBuildPhase;
			buildActionMask = 2147483647;
			files = (
			);
			inputPaths = (
				"${PODS_PODFILE_DIR_PATH}/Podfile.lock",
				"${PODS_ROOT}/Manifest.lock",
			);
			name = "[CP] Check Pods Manifest.lock";
			outputPaths = (
				"$(DERIVED_FILE_DIR)/Pods-ManagerUITests-checkManifestLockResult.txt",
			);
			runOnlyForDeploymentPostprocessing = 0;
			shellPath = /bin/sh;
			shellScript = "diff \"${PODS_PODFILE_DIR_PATH}/Podfile.lock\" \"${PODS_ROOT}/Manifest.lock\" > /dev/null\nif [ $? != 0 ] ; then\n    # print error to STDERR\n    echo \"error: The sandbox is not in sync with the Podfile.lock. Run 'pod install' or update your CocoaPods installation.\" >&2\n    exit 1\nfi\n# This output is used by Xcode 'outputs' to avoid re-running this script phase.\necho \"SUCCESS\" > \"${SCRIPT_OUTPUT_FILE_0}\"\n";
			showEnvVarsInLog = 0;
		};
/* End PBXShellScriptBuildPhase section */

/* Begin PBXSourcesBuildPhase section */
		CF37326E204E579100DAA0A0 /* Sources */ = {
			isa = PBXSourcesBuildPhase;
			buildActionMask = 2147483647;
			files = (
				CFA377B5206662F900805173 /* LoginViewController.swift in Sources */,
				CF373278204E579100DAA0A0 /* DataViewController.swift in Sources */,
				CFA95E1B206287D70029CC2A /* Uitility.swift in Sources */,
				CF32AB9B205E55AF00E43CC3 /* TableViewCell.swift in Sources */,
				CF5EA59D2050F0670085AF2C /* ChartValueFormatter.swift in Sources */,
				CF32AB94205E552000E43CC3 /* MessageItem.swift in Sources */,
				CF32AB97205E556800E43CC3 /* TableView.swift in Sources */,
				CFA95E19206268050029CC2A /* PlantRecognizeViewController.swift in Sources */,
				CF32AB88205E4DBA00E43CC3 /* ChatViewController.swift in Sources */,
				CF5EA5A1205113560085AF2C /* YAisValueFormatter.swift in Sources */,
				CF32AB92205E551100E43CC3 /* UserInfo.swift in Sources */,
				CF32AB8D205E51B900E43CC3 /* InfoViewController.swift in Sources */,
				CF32AB99205E558900E43CC3 /* TableHeaderViewCellTableViewCell.swift in Sources */,
				CF32AB90205E54EA00E43CC3 /* ChatDataSource.swift in Sources */,
				CF5EA59F2051119B0085AF2C /* XAisValueFormatter.swift in Sources */,
				CF373276204E579100DAA0A0 /* AppDelegate.swift in Sources */,
				CF5EA59B2050E9800085AF2C /* DataTypeChooseViewController.swift in Sources */,
				CF32AB8A205E4E2400E43CC3 /* ChatDetailViewController.swift in Sources */,
			);
			runOnlyForDeploymentPostprocessing = 0;
		};
		CF373282204E579100DAA0A0 /* Sources */ = {
			isa = PBXSourcesBuildPhase;
			buildActionMask = 2147483647;
			files = (
				CF37328B204E579100DAA0A0 /* ManagerTests.swift in Sources */,
			);
			runOnlyForDeploymentPostprocessing = 0;
		};
		CF37328D204E579100DAA0A0 /* Sources */ = {
			isa = PBXSourcesBuildPhase;
			buildActionMask = 2147483647;
			files = (
				CF373296204E579100DAA0A0 /* ManagerUITests.swift in Sources */,
			);
			runOnlyForDeploymentPostprocessing = 0;
		};
/* End PBXSourcesBuildPhase section */

/* Begin PBXTargetDependency section */
		CF373288204E579100DAA0A0 /* PBXTargetDependency */ = {
			isa = PBXTargetDependency;
			target = CF373271204E579100DAA0A0 /* Manager */;
			targetProxy = CF373287204E579100DAA0A0 /* PBXContainerItemProxy */;
		};
		CF373293204E579100DAA0A0 /* PBXTargetDependency */ = {
			isa = PBXTargetDependency;
			target = CF373271204E579100DAA0A0 /* Manager */;
			targetProxy = CF373292204E579100DAA0A0 /* PBXContainerItemProxy */;
		};
/* End PBXTargetDependency section */

/* Begin PBXVariantGroup section */
		CF373279204E579100DAA0A0 /* Main.storyboard */ = {
			isa = PBXVariantGroup;
			children = (
				CF37327A204E579100DAA0A0 /* Base */,
			);
			name = Main.storyboard;
			sourceTree = "<group>";
		};
		CF37327E204E579100DAA0A0 /* LaunchScreen.storyboard */ = {
			isa = PBXVariantGroup;
			children = (
				CF37327F204E579100DAA0A0 /* Base */,
			);
			name = LaunchScreen.storyboard;
			sourceTree = "<group>";
		};
/* End PBXVariantGroup section */

/* Begin XCBuildConfiguration section */
		CF373298204E579100DAA0A0 /* Debug */ = {
			isa = XCBuildConfiguration;
			buildSettings = {
				ALWAYS_SEARCH_USER_PATHS = NO;
				CLANG_ANALYZER_NONNULL = YES;
				CLANG_ANALYZER_NUMBER_OBJECT_CONVERSION = YES_AGGRESSIVE;
				CLANG_CXX_LANGUAGE_STANDARD = "gnu++14";
				CLANG_CXX_LIBRARY = "libc++";
				CLANG_ENABLE_MODULES = YES;
				CLANG_ENABLE_OBJC_ARC = YES;
				CLANG_WARN_BLOCK_CAPTURE_AUTORELEASING = YES;
				CLANG_WARN_BOOL_CONVERSION = YES;
				CLANG_WARN_COMMA = YES;
				CLANG_WARN_CONSTANT_CONVERSION = YES;
				CLANG_WARN_DIRECT_OBJC_ISA_USAGE = YES_ERROR;
				CLANG_WARN_DOCUMENTATION_COMMENTS = YES;
				CLANG_WARN_EMPTY_BODY = YES;
				CLANG_WARN_ENUM_CONVERSION = YES;
				CLANG_WARN_INFINITE_RECURSION = YES;
				CLANG_WARN_INT_CONVERSION = YES;
				CLANG_WARN_NON_LITERAL_NULL_CONVERSION = YES;
				CLANG_WARN_OBJC_LITERAL_CONVERSION = YES;
				CLANG_WARN_OBJC_ROOT_CLASS = YES_ERROR;
				CLANG_WARN_RANGE_LOOP_ANALYSIS = YES;
				CLANG_WARN_STRICT_PROTOTYPES = YES;
				CLANG_WARN_SUSPICIOUS_MOVE = YES;
				CLANG_WARN_UNGUARDED_AVAILABILITY = YES_AGGRESSIVE;
				CLANG_WARN_UNREACHABLE_CODE = YES;
				CLANG_WARN__DUPLICATE_METHOD_MATCH = YES;
				CODE_SIGN_IDENTITY = "iPhone Developer";
				COPY_PHASE_STRIP = NO;
				DEBUG_INFORMATION_FORMAT = dwarf;
				ENABLE_STRICT_OBJC_MSGSEND = YES;
				ENABLE_TESTABILITY = YES;
				GCC_C_LANGUAGE_STANDARD = gnu11;
				GCC_DYNAMIC_NO_PIC = NO;
				GCC_NO_COMMON_BLOCKS = YES;
				GCC_OPTIMIZATION_LEVEL = 0;
				GCC_PREPROCESSOR_DEFINITIONS = (
					"DEBUG=1",
					"$(inherited)",
				);
				GCC_WARN_64_TO_32_BIT_CONVERSION = YES;
				GCC_WARN_ABOUT_RETURN_TYPE = YES_ERROR;
				GCC_WARN_UNDECLARED_SELECTOR = YES;
				GCC_WARN_UNINITIALIZED_AUTOS = YES_AGGRESSIVE;
				GCC_WARN_UNUSED_FUNCTION = YES;
				GCC_WARN_UNUSED_VARIABLE = YES;
				IPHONEOS_DEPLOYMENT_TARGET = 11.2;
				MTL_ENABLE_DEBUG_INFO = YES;
				ONLY_ACTIVE_ARCH = YES;
				SDKROOT = iphoneos;
				SWIFT_ACTIVE_COMPILATION_CONDITIONS = DEBUG;
				SWIFT_OPTIMIZATION_LEVEL = "-Onone";
			};
			name = Debug;
		};
		CF373299204E579100DAA0A0 /* Release */ = {
			isa = XCBuildConfiguration;
			buildSettings = {
				ALWAYS_SEARCH_USER_PATHS = NO;
				CLANG_ANALYZER_NONNULL = YES;
				CLANG_ANALYZER_NUMBER_OBJECT_CONVERSION = YES_AGGRESSIVE;
				CLANG_CXX_LANGUAGE_STANDARD = "gnu++14";
				CLANG_CXX_LIBRARY = "libc++";
				CLANG_ENABLE_MODULES = YES;
				CLANG_ENABLE_OBJC_ARC = YES;
				CLANG_WARN_BLOCK_CAPTURE_AUTORELEASING = YES;
				CLANG_WARN_BOOL_CONVERSION = YES;
				CLANG_WARN_COMMA = YES;
				CLANG_WARN_CONSTANT_CONVERSION = YES;
				CLANG_WARN_DIRECT_OBJC_ISA_USAGE = YES_ERROR;
				CLANG_WARN_DOCUMENTATION_COMMENTS = YES;
				CLANG_WARN_EMPTY_BODY = YES;
				CLANG_WARN_ENUM_CONVERSION = YES;
				CLANG_WARN_INFINITE_RECURSION = YES;
				CLANG_WARN_INT_CONVERSION = YES;
				CLANG_WARN_NON_LITERAL_NULL_CONVERSION = YES;
				CLANG_WARN_OBJC_LITERAL_CONVERSION = YES;
				CLANG_WARN_OBJC_ROOT_CLASS = YES_ERROR;
				CLANG_WARN_RANGE_LOOP_ANALYSIS = YES;
				CLANG_WARN_STRICT_PROTOTYPES = YES;
				CLANG_WARN_SUSPICIOUS_MOVE = YES;
				CLANG_WARN_UNGUARDED_AVAILABILITY = YES_AGGRESSIVE;
				CLANG_WARN_UNREACHABLE_CODE = YES;
				CLANG_WARN__DUPLICATE_METHOD_MATCH = YES;
				CODE_SIGN_IDENTITY = "iPhone Developer";
				COPY_PHASE_STRIP = NO;
				DEBUG_INFORMATION_FORMAT = "dwarf-with-dsym";
				ENABLE_NS_ASSERTIONS = NO;
				ENABLE_STRICT_OBJC_MSGSEND = YES;
				GCC_C_LANGUAGE_STANDARD = gnu11;
				GCC_NO_COMMON_BLOCKS = YES;
				GCC_WARN_64_TO_32_BIT_CONVERSION = YES;
				GCC_WARN_ABOUT_RETURN_TYPE = YES_ERROR;
				GCC_WARN_UNDECLARED_SELECTOR = YES;
				GCC_WARN_UNINITIALIZED_AUTOS = YES_AGGRESSIVE;
				GCC_WARN_UNUSED_FUNCTION = YES;
				GCC_WARN_UNUSED_VARIABLE = YES;
				IPHONEOS_DEPLOYMENT_TARGET = 11.2;
				MTL_ENABLE_DEBUG_INFO = NO;
				SDKROOT = iphoneos;
				SWIFT_OPTIMIZATION_LEVEL = "-Owholemodule";
				VALIDATE_PRODUCT = YES;
			};
			name = Release;
		};
		CF37329B204E579100DAA0A0 /* Debug */ = {
			isa = XCBuildConfiguration;
			baseConfigurationReference = 5D322CE9BCA4687EFE2D3BCE /* Pods-Manager.debug.xcconfig */;
			buildSettings = {
				ALWAYS_EMBED_SWIFT_STANDARD_LIBRARIES = YES;
				ASSETCATALOG_COMPILER_APPICON_NAME = AppIcon;
				CODE_SIGN_STYLE = Automatic;
				DEVELOPMENT_TEAM = SK57NE8988;
				INFOPLIST_FILE = Manager/Info.plist;
				LD_RUNPATH_SEARCH_PATHS = "$(inherited) @executable_path/Frameworks";
				PRODUCT_BUNDLE_IDENTIFIER = cn.edu.tongji.yangbingjie.Manager;
				PRODUCT_NAME = "$(TARGET_NAME)";
				SWIFT_VERSION = 4.0;
				TARGETED_DEVICE_FAMILY = "1,2";
				USER_HEADER_SEARCH_PATHS = "$(PODS_ROOT)/**";
			};
			name = Debug;
		};
		CF37329C204E579100DAA0A0 /* Release */ = {
			isa = XCBuildConfiguration;
			baseConfigurationReference = 63F2088D78EF940F25955AA5 /* Pods-Manager.release.xcconfig */;
			buildSettings = {
				ALWAYS_EMBED_SWIFT_STANDARD_LIBRARIES = YES;
				ASSETCATALOG_COMPILER_APPICON_NAME = AppIcon;
				CODE_SIGN_STYLE = Automatic;
				DEVELOPMENT_TEAM = SK57NE8988;
				INFOPLIST_FILE = Manager/Info.plist;
				LD_RUNPATH_SEARCH_PATHS = "$(inherited) @executable_path/Frameworks";
				PRODUCT_BUNDLE_IDENTIFIER = cn.edu.tongji.yangbingjie.Manager;
				PRODUCT_NAME = "$(TARGET_NAME)";
				SWIFT_VERSION = 4.0;
				TARGETED_DEVICE_FAMILY = "1,2";
				USER_HEADER_SEARCH_PATHS = "$(PODS_ROOT)/**";
			};
			name = Release;
		};
		CF37329E204E579100DAA0A0 /* Debug */ = {
			isa = XCBuildConfiguration;
			baseConfigurationReference = 86D6E7864C2AAF1628A4FF2A /* Pods-ManagerTests.debug.xcconfig */;
			buildSettings = {
				ALWAYS_EMBED_SWIFT_STANDARD_LIBRARIES = YES;
				BUNDLE_LOADER = "$(TEST_HOST)";
				CODE_SIGN_STYLE = Automatic;
				DEVELOPMENT_TEAM = SK57NE8988;
				INFOPLIST_FILE = ManagerTests/Info.plist;
				LD_RUNPATH_SEARCH_PATHS = "$(inherited) @executable_path/Frameworks @loader_path/Frameworks";
				PRODUCT_BUNDLE_IDENTIFIER = cn.edu.tongji.yangbingjie.ManagerTests;
				PRODUCT_NAME = "$(TARGET_NAME)";
				SWIFT_VERSION = 4.0;
				TARGETED_DEVICE_FAMILY = "1,2";
				TEST_HOST = "$(BUILT_PRODUCTS_DIR)/Manager.app/Manager";
			};
			name = Debug;
		};
		CF37329F204E579100DAA0A0 /* Release */ = {
			isa = XCBuildConfiguration;
			baseConfigurationReference = AC1DF2E982E226B58918C0DB /* Pods-ManagerTests.release.xcconfig */;
			buildSettings = {
				ALWAYS_EMBED_SWIFT_STANDARD_LIBRARIES = YES;
				BUNDLE_LOADER = "$(TEST_HOST)";
				CODE_SIGN_STYLE = Automatic;
				DEVELOPMENT_TEAM = SK57NE8988;
				INFOPLIST_FILE = ManagerTests/Info.plist;
				LD_RUNPATH_SEARCH_PATHS = "$(inherited) @executable_path/Frameworks @loader_path/Frameworks";
				PRODUCT_BUNDLE_IDENTIFIER = cn.edu.tongji.yangbingjie.ManagerTests;
				PRODUCT_NAME = "$(TARGET_NAME)";
				SWIFT_VERSION = 4.0;
				TARGETED_DEVICE_FAMILY = "1,2";
				TEST_HOST = "$(BUILT_PRODUCTS_DIR)/Manager.app/Manager";
			};
			name = Release;
		};
		CF3732A1204E579100DAA0A0 /* Debug */ = {
			isa = XCBuildConfiguration;
			baseConfigurationReference = 46A44C12DDB75B5148D65F97 /* Pods-ManagerUITests.debug.xcconfig */;
			buildSettings = {
				ALWAYS_EMBED_SWIFT_STANDARD_LIBRARIES = YES;
				CODE_SIGN_STYLE = Automatic;
				DEVELOPMENT_TEAM = SK57NE8988;
				INFOPLIST_FILE = ManagerUITests/Info.plist;
				LD_RUNPATH_SEARCH_PATHS = "$(inherited) @executable_path/Frameworks @loader_path/Frameworks";
				PRODUCT_BUNDLE_IDENTIFIER = cn.edu.tongji.yangbingjie.ManagerUITests;
				PRODUCT_NAME = "$(TARGET_NAME)";
				SWIFT_VERSION = 4.0;
				TARGETED_DEVICE_FAMILY = "1,2";
				TEST_TARGET_NAME = Manager;
			};
			name = Debug;
		};
		CF3732A2204E579100DAA0A0 /* Release */ = {
			isa = XCBuildConfiguration;
			baseConfigurationReference = 8EBE229C4D19705D6287A0E5 /* Pods-ManagerUITests.release.xcconfig */;
			buildSettings = {
				ALWAYS_EMBED_SWIFT_STANDARD_LIBRARIES = YES;
				CODE_SIGN_STYLE = Automatic;
				DEVELOPMENT_TEAM = SK57NE8988;
				INFOPLIST_FILE = ManagerUITests/Info.plist;
				LD_RUNPATH_SEARCH_PATHS = "$(inherited) @executable_path/Frameworks @loader_path/Frameworks";
				PRODUCT_BUNDLE_IDENTIFIER = cn.edu.tongji.yangbingjie.ManagerUITests;
				PRODUCT_NAME = "$(TARGET_NAME)";
				SWIFT_VERSION = 4.0;
				TARGETED_DEVICE_FAMILY = "1,2";
				TEST_TARGET_NAME = Manager;
			};
			name = Release;
		};
/* End XCBuildConfiguration section */

/* Begin XCConfigurationList section */
		CF37326D204E579100DAA0A0 /* Build configuration list for PBXProject "Manager" */ = {
			isa = XCConfigurationList;
			buildConfigurations = (
				CF373298204E579100DAA0A0 /* Debug */,
				CF373299204E579100DAA0A0 /* Release */,
			);
			defaultConfigurationIsVisible = 0;
			defaultConfigurationName = Release;
		};
		CF37329A204E579100DAA0A0 /* Build configuration list for PBXNativeTarget "Manager" */ = {
			isa = XCConfigurationList;
			buildConfigurations = (
				CF37329B204E579100DAA0A0 /* Debug */,
				CF37329C204E579100DAA0A0 /* Release */,
			);
			defaultConfigurationIsVisible = 0;
			defaultConfigurationName = Release;
		};
		CF37329D204E579100DAA0A0 /* Build configuration list for PBXNativeTarget "ManagerTests" */ = {
			isa = XCConfigurationList;
			buildConfigurations = (
				CF37329E204E579100DAA0A0 /* Debug */,
				CF37329F204E579100DAA0A0 /* Release */,
			);
			defaultConfigurationIsVisible = 0;
			defaultConfigurationName = Release;
		};
		CF3732A0204E579100DAA0A0 /* Build configuration list for PBXNativeTarget "ManagerUITests" */ = {
			isa = XCConfigurationList;
			buildConfigurations = (
				CF3732A1204E579100DAA0A0 /* Debug */,
				CF3732A2204E579100DAA0A0 /* Release */,
			);
			defaultConfigurationIsVisible = 0;
			defaultConfigurationName = Release;
		};
/* End XCConfigurationList section */
	};
	rootObject = CF37326A204E579100DAA0A0 /* Project object */;
}
