// !$*UTF8*$!
{
	archiveVersion = 1;
	classes = {
	};
	objectVersion = 48;
	objects = {

/* Begin PBXBuildFile section */
		CF2D7F4C2025E854009CEE18 /* AppDelegate.swift in Sources */ = {isa = PBXBuildFile; fileRef = CF2D7F4B2025E854009CEE18 /* AppDelegate.swift */; };
		CF2D7F4E2025E854009CEE18 /* ViewController.swift in Sources */ = {isa = PBXBuildFile; fileRef = CF2D7F4D2025E854009CEE18 /* ViewController.swift */; };
		CF2D7F512025E854009CEE18 /* Main.storyboard in Resources */ = {isa = PBXBuildFile; fileRef = CF2D7F4F2025E854009CEE18 /* Main.storyboard */; };
		CF2D7F532025E854009CEE18 /* Assets.xcassets in Resources */ = {isa = PBXBuildFile; fileRef = CF2D7F522025E854009CEE18 /* Assets.xcassets */; };
		CF2D7F562025E854009CEE18 /* LaunchScreen.storyboard in Resources */ = {isa = PBXBuildFile; fileRef = CF2D7F542025E854009CEE18 /* LaunchScreen.storyboard */; };
		CF2D7F612025E854009CEE18 /* LeafTests.swift in Sources */ = {isa = PBXBuildFile; fileRef = CF2D7F602025E854009CEE18 /* LeafTests.swift */; };
		CF2D7F6C2025E854009CEE18 /* LeafUITests.swift in Sources */ = {isa = PBXBuildFile; fileRef = CF2D7F6B2025E854009CEE18 /* LeafUITests.swift */; };
		CFC7542B2026F5310051D48E /* PlantInfoCard.swift in Sources */ = {isa = PBXBuildFile; fileRef = CFC7542A2026F5310051D48E /* PlantInfoCard.swift */; };
		CFC7542D2026F5E80051D48E /* CircleView.swift in Sources */ = {isa = PBXBuildFile; fileRef = CFC7542C2026F5E80051D48E /* CircleView.swift */; };
/* End PBXBuildFile section */

/* Begin PBXContainerItemProxy section */
		CF2D7F5D2025E854009CEE18 /* PBXContainerItemProxy */ = {
			isa = PBXContainerItemProxy;
			containerPortal = CF2D7F402025E854009CEE18 /* Project object */;
			proxyType = 1;
			remoteGlobalIDString = CF2D7F472025E854009CEE18;
			remoteInfo = Leaf;
		};
		CF2D7F682025E854009CEE18 /* PBXContainerItemProxy */ = {
			isa = PBXContainerItemProxy;
			containerPortal = CF2D7F402025E854009CEE18 /* Project object */;
			proxyType = 1;
			remoteGlobalIDString = CF2D7F472025E854009CEE18;
			remoteInfo = Leaf;
		};
/* End PBXContainerItemProxy section */

/* Begin PBXFileReference section */
		CF2D7F482025E854009CEE18 /* Leaf.app */ = {isa = PBXFileReference; explicitFileType = wrapper.application; includeInIndex = 0; path = Leaf.app; sourceTree = BUILT_PRODUCTS_DIR; };
		CF2D7F4B2025E854009CEE18 /* AppDelegate.swift */ = {isa = PBXFileReference; lastKnownFileType = sourcecode.swift; path = AppDelegate.swift; sourceTree = "<group>"; };
		CF2D7F4D2025E854009CEE18 /* ViewController.swift */ = {isa = PBXFileReference; lastKnownFileType = sourcecode.swift; path = ViewController.swift; sourceTree = "<group>"; };
		CF2D7F502025E854009CEE18 /* Base */ = {isa = PBXFileReference; lastKnownFileType = file.storyboard; name = Base; path = Base.lproj/Main.storyboard; sourceTree = "<group>"; };
		CF2D7F522025E854009CEE18 /* Assets.xcassets */ = {isa = PBXFileReference; lastKnownFileType = folder.assetcatalog; path = Assets.xcassets; sourceTree = "<group>"; };
		CF2D7F552025E854009CEE18 /* Base */ = {isa = PBXFileReference; lastKnownFileType = file.storyboard; name = Base; path = Base.lproj/LaunchScreen.storyboard; sourceTree = "<group>"; };
		CF2D7F572025E854009CEE18 /* Info.plist */ = {isa = PBXFileReference; lastKnownFileType = text.plist.xml; path = Info.plist; sourceTree = "<group>"; };
		CF2D7F5C2025E854009CEE18 /* LeafTests.xctest */ = {isa = PBXFileReference; explicitFileType = wrapper.cfbundle; includeInIndex = 0; path = LeafTests.xctest; sourceTree = BUILT_PRODUCTS_DIR; };
		CF2D7F602025E854009CEE18 /* LeafTests.swift */ = {isa = PBXFileReference; lastKnownFileType = sourcecode.swift; path = LeafTests.swift; sourceTree = "<group>"; };
		CF2D7F622025E854009CEE18 /* Info.plist */ = {isa = PBXFileReference; lastKnownFileType = text.plist.xml; path = Info.plist; sourceTree = "<group>"; };
		CF2D7F672025E854009CEE18 /* LeafUITests.xctest */ = {isa = PBXFileReference; explicitFileType = wrapper.cfbundle; includeInIndex = 0; path = LeafUITests.xctest; sourceTree = BUILT_PRODUCTS_DIR; };
		CF2D7F6B2025E854009CEE18 /* LeafUITests.swift */ = {isa = PBXFileReference; lastKnownFileType = sourcecode.swift; path = LeafUITests.swift; sourceTree = "<group>"; };
		CF2D7F6D2025E854009CEE18 /* Info.plist */ = {isa = PBXFileReference; lastKnownFileType = text.plist.xml; path = Info.plist; sourceTree = "<group>"; };
		CFC7542A2026F5310051D48E /* PlantInfoCard.swift */ = {isa = PBXFileReference; lastKnownFileType = sourcecode.swift; path = PlantInfoCard.swift; sourceTree = "<group>"; };
		CFC7542C2026F5E80051D48E /* CircleView.swift */ = {isa = PBXFileReference; lastKnownFileType = sourcecode.swift; path = CircleView.swift; sourceTree = "<group>"; };
/* End PBXFileReference section */

/* Begin PBXFrameworksBuildPhase section */
		CF2D7F452025E854009CEE18 /* Frameworks */ = {
			isa = PBXFrameworksBuildPhase;
			buildActionMask = 2147483647;
			files = (
			);
			runOnlyForDeploymentPostprocessing = 0;
		};
		CF2D7F592025E854009CEE18 /* Frameworks */ = {
			isa = PBXFrameworksBuildPhase;
			buildActionMask = 2147483647;
			files = (
			);
			runOnlyForDeploymentPostprocessing = 0;
		};
		CF2D7F642025E854009CEE18 /* Frameworks */ = {
			isa = PBXFrameworksBuildPhase;
			buildActionMask = 2147483647;
			files = (
			);
			runOnlyForDeploymentPostprocessing = 0;
		};
/* End PBXFrameworksBuildPhase section */

/* Begin PBXGroup section */
		CF2D7F3F2025E854009CEE18 = {
			isa = PBXGroup;
			children = (
				CF2D7F4A2025E854009CEE18 /* Leaf */,
				CF2D7F5F2025E854009CEE18 /* LeafTests */,
				CF2D7F6A2025E854009CEE18 /* LeafUITests */,
				CF2D7F492025E854009CEE18 /* Products */,
			);
			sourceTree = "<group>";
		};
		CF2D7F492025E854009CEE18 /* Products */ = {
			isa = PBXGroup;
			children = (
				CF2D7F482025E854009CEE18 /* Leaf.app */,
				CF2D7F5C2025E854009CEE18 /* LeafTests.xctest */,
				CF2D7F672025E854009CEE18 /* LeafUITests.xctest */,
			);
			name = Products;
			sourceTree = "<group>";
		};
		CF2D7F4A2025E854009CEE18 /* Leaf */ = {
			isa = PBXGroup;
			children = (
				CF2D7F4B2025E854009CEE18 /* AppDelegate.swift */,
				CF2D7F4D2025E854009CEE18 /* ViewController.swift */,
				CF2D7F4F2025E854009CEE18 /* Main.storyboard */,
				CFC7542C2026F5E80051D48E /* CircleView.swift */,
				CFC7542A2026F5310051D48E /* PlantInfoCard.swift */,
				CF2D7F522025E854009CEE18 /* Assets.xcassets */,
				CF2D7F542025E854009CEE18 /* LaunchScreen.storyboard */,
				CF2D7F572025E854009CEE18 /* Info.plist */,
			);
			path = Leaf;
			sourceTree = "<group>";
		};
		CF2D7F5F2025E854009CEE18 /* LeafTests */ = {
			isa = PBXGroup;
			children = (
				CF2D7F602025E854009CEE18 /* LeafTests.swift */,
				CF2D7F622025E854009CEE18 /* Info.plist */,
			);
			path = LeafTests;
			sourceTree = "<group>";
		};
		CF2D7F6A2025E854009CEE18 /* LeafUITests */ = {
			isa = PBXGroup;
			children = (
				CF2D7F6B2025E854009CEE18 /* LeafUITests.swift */,
				CF2D7F6D2025E854009CEE18 /* Info.plist */,
			);
			path = LeafUITests;
			sourceTree = "<group>";
		};
/* End PBXGroup section */

/* Begin PBXNativeTarget section */
		CF2D7F472025E854009CEE18 /* Leaf */ = {
			isa = PBXNativeTarget;
			buildConfigurationList = CF2D7F702025E854009CEE18 /* Build configuration list for PBXNativeTarget "Leaf" */;
			buildPhases = (
				CF2D7F442025E854009CEE18 /* Sources */,
				CF2D7F452025E854009CEE18 /* Frameworks */,
				CF2D7F462025E854009CEE18 /* Resources */,
			);
			buildRules = (
			);
			dependencies = (
			);
			name = Leaf;
			productName = Leaf;
			productReference = CF2D7F482025E854009CEE18 /* Leaf.app */;
			productType = "com.apple.product-type.application";
		};
		CF2D7F5B2025E854009CEE18 /* LeafTests */ = {
			isa = PBXNativeTarget;
			buildConfigurationList = CF2D7F732025E854009CEE18 /* Build configuration list for PBXNativeTarget "LeafTests" */;
			buildPhases = (
				CF2D7F582025E854009CEE18 /* Sources */,
				CF2D7F592025E854009CEE18 /* Frameworks */,
				CF2D7F5A2025E854009CEE18 /* Resources */,
			);
			buildRules = (
			);
			dependencies = (
				CF2D7F5E2025E854009CEE18 /* PBXTargetDependency */,
			);
			name = LeafTests;
			productName = LeafTests;
			productReference = CF2D7F5C2025E854009CEE18 /* LeafTests.xctest */;
			productType = "com.apple.product-type.bundle.unit-test";
		};
		CF2D7F662025E854009CEE18 /* LeafUITests */ = {
			isa = PBXNativeTarget;
			buildConfigurationList = CF2D7F762025E854009CEE18 /* Build configuration list for PBXNativeTarget "LeafUITests" */;
			buildPhases = (
				CF2D7F632025E854009CEE18 /* Sources */,
				CF2D7F642025E854009CEE18 /* Frameworks */,
				CF2D7F652025E854009CEE18 /* Resources */,
			);
			buildRules = (
			);
			dependencies = (
				CF2D7F692025E854009CEE18 /* PBXTargetDependency */,
			);
			name = LeafUITests;
			productName = LeafUITests;
			productReference = CF2D7F672025E854009CEE18 /* LeafUITests.xctest */;
			productType = "com.apple.product-type.bundle.ui-testing";
		};
/* End PBXNativeTarget section */

/* Begin PBXProject section */
		CF2D7F402025E854009CEE18 /* Project object */ = {
			isa = PBXProject;
			attributes = {
				LastSwiftUpdateCheck = 0920;
				LastUpgradeCheck = 0920;
				ORGANIZATIONNAME = "冰洁  杨";
				TargetAttributes = {
					CF2D7F472025E854009CEE18 = {
						CreatedOnToolsVersion = 9.2;
						ProvisioningStyle = Automatic;
					};
					CF2D7F5B2025E854009CEE18 = {
						CreatedOnToolsVersion = 9.2;
						ProvisioningStyle = Automatic;
						TestTargetID = CF2D7F472025E854009CEE18;
					};
					CF2D7F662025E854009CEE18 = {
						CreatedOnToolsVersion = 9.2;
						ProvisioningStyle = Automatic;
						TestTargetID = CF2D7F472025E854009CEE18;
					};
				};
			};
			buildConfigurationList = CF2D7F432025E854009CEE18 /* Build configuration list for PBXProject "Leaf" */;
			compatibilityVersion = "Xcode 8.0";
			developmentRegion = en;
			hasScannedForEncodings = 0;
			knownRegions = (
				en,
				Base,
			);
			mainGroup = CF2D7F3F2025E854009CEE18;
			productRefGroup = CF2D7F492025E854009CEE18 /* Products */;
			projectDirPath = "";
			projectRoot = "";
			targets = (
				CF2D7F472025E854009CEE18 /* Leaf */,
				CF2D7F5B2025E854009CEE18 /* LeafTests */,
				CF2D7F662025E854009CEE18 /* LeafUITests */,
			);
		};
/* End PBXProject section */

/* Begin PBXResourcesBuildPhase section */
		CF2D7F462025E854009CEE18 /* Resources */ = {
			isa = PBXResourcesBuildPhase;
			buildActionMask = 2147483647;
			files = (
				CF2D7F562025E854009CEE18 /* LaunchScreen.storyboard in Resources */,
				CF2D7F532025E854009CEE18 /* Assets.xcassets in Resources */,
				CF2D7F512025E854009CEE18 /* Main.storyboard in Resources */,
			);
			runOnlyForDeploymentPostprocessing = 0;
		};
		CF2D7F5A2025E854009CEE18 /* Resources */ = {
			isa = PBXResourcesBuildPhase;
			buildActionMask = 2147483647;
			files = (
			);
			runOnlyForDeploymentPostprocessing = 0;
		};
		CF2D7F652025E854009CEE18 /* Resources */ = {
			isa = PBXResourcesBuildPhase;
			buildActionMask = 2147483647;
			files = (
			);
			runOnlyForDeploymentPostprocessing = 0;
		};
/* End PBXResourcesBuildPhase section */

/* Begin PBXSourcesBuildPhase section */
		CF2D7F442025E854009CEE18 /* Sources */ = {
			isa = PBXSourcesBuildPhase;
			buildActionMask = 2147483647;
			files = (
				CFC7542D2026F5E80051D48E /* CircleView.swift in Sources */,
				CFC7542B2026F5310051D48E /* PlantInfoCard.swift in Sources */,
				CF2D7F4E2025E854009CEE18 /* ViewController.swift in Sources */,
				CF2D7F4C2025E854009CEE18 /* AppDelegate.swift in Sources */,
			);
			runOnlyForDeploymentPostprocessing = 0;
		};
		CF2D7F582025E854009CEE18 /* Sources */ = {
			isa = PBXSourcesBuildPhase;
			buildActionMask = 2147483647;
			files = (
				CF2D7F612025E854009CEE18 /* LeafTests.swift in Sources */,
			);
			runOnlyForDeploymentPostprocessing = 0;
		};
		CF2D7F632025E854009CEE18 /* Sources */ = {
			isa = PBXSourcesBuildPhase;
			buildActionMask = 2147483647;
			files = (
				CF2D7F6C2025E854009CEE18 /* LeafUITests.swift in Sources */,
			);
			runOnlyForDeploymentPostprocessing = 0;
		};
/* End PBXSourcesBuildPhase section */

/* Begin PBXTargetDependency section */
		CF2D7F5E2025E854009CEE18 /* PBXTargetDependency */ = {
			isa = PBXTargetDependency;
			target = CF2D7F472025E854009CEE18 /* Leaf */;
			targetProxy = CF2D7F5D2025E854009CEE18 /* PBXContainerItemProxy */;
		};
		CF2D7F692025E854009CEE18 /* PBXTargetDependency */ = {
			isa = PBXTargetDependency;
			target = CF2D7F472025E854009CEE18 /* Leaf */;
			targetProxy = CF2D7F682025E854009CEE18 /* PBXContainerItemProxy */;
		};
/* End PBXTargetDependency section */

/* Begin PBXVariantGroup section */
		CF2D7F4F2025E854009CEE18 /* Main.storyboard */ = {
			isa = PBXVariantGroup;
			children = (
				CF2D7F502025E854009CEE18 /* Base */,
			);
			name = Main.storyboard;
			sourceTree = "<group>";
		};
		CF2D7F542025E854009CEE18 /* LaunchScreen.storyboard */ = {
			isa = PBXVariantGroup;
			children = (
				CF2D7F552025E854009CEE18 /* Base */,
			);
			name = LaunchScreen.storyboard;
			sourceTree = "<group>";
		};
/* End PBXVariantGroup section */

/* Begin XCBuildConfiguration section */
		CF2D7F6E2025E854009CEE18 /* Debug */ = {
			isa = XCBuildConfiguration;
			buildSettings = {
				ALWAYS_SEARCH_USER_PATHS = NO;
				CLANG_ANALYZER_NONNULL = YES;
				CLANG_ANALYZER_NUMBER_OBJECT_CONVERSION = YES_AGGRESSIVE;
				CLANG_CXX_LANGUAGE_STANDARD = "gnu++14";
				CLANG_CXX_LIBRARY = "libc++";
				CLANG_ENABLE_MODULES = YES;
				CLANG_ENABLE_OBJC_ARC = YES;
				CLANG_WARN_BLOCK_CAPTURE_AUTORELEASING = YES;
				CLANG_WARN_BOOL_CONVERSION = YES;
				CLANG_WARN_COMMA = YES;
				CLANG_WARN_CONSTANT_CONVERSION = YES;
				CLANG_WARN_DIRECT_OBJC_ISA_USAGE = YES_ERROR;
				CLANG_WARN_DOCUMENTATION_COMMENTS = YES;
				CLANG_WARN_EMPTY_BODY = YES;
				CLANG_WARN_ENUM_CONVERSION = YES;
				CLANG_WARN_INFINITE_RECURSION = YES;
				CLANG_WARN_INT_CONVERSION = YES;
				CLANG_WARN_NON_LITERAL_NULL_CONVERSION = YES;
				CLANG_WARN_OBJC_LITERAL_CONVERSION = YES;
				CLANG_WARN_OBJC_ROOT_CLASS = YES_ERROR;
				CLANG_WARN_RANGE_LOOP_ANALYSIS = YES;
				CLANG_WARN_STRICT_PROTOTYPES = YES;
				CLANG_WARN_SUSPICIOUS_MOVE = YES;
				CLANG_WARN_UNGUARDED_AVAILABILITY = YES_AGGRESSIVE;
				CLANG_WARN_UNREACHABLE_CODE = YES;
				CLANG_WARN__DUPLICATE_METHOD_MATCH = YES;
				CODE_SIGN_IDENTITY = "iPhone Developer";
				COPY_PHASE_STRIP = NO;
				DEBUG_INFORMATION_FORMAT = dwarf;
				ENABLE_STRICT_OBJC_MSGSEND = YES;
				ENABLE_TESTABILITY = YES;
				GCC_C_LANGUAGE_STANDARD = gnu11;
				GCC_DYNAMIC_NO_PIC = NO;
				GCC_NO_COMMON_BLOCKS = YES;
				GCC_OPTIMIZATION_LEVEL = 0;
				GCC_PREPROCESSOR_DEFINITIONS = (
					"DEBUG=1",
					"$(inherited)",
				);
				GCC_WARN_64_TO_32_BIT_CONVERSION = YES;
				GCC_WARN_ABOUT_RETURN_TYPE = YES_ERROR;
				GCC_WARN_UNDECLARED_SELECTOR = YES;
				GCC_WARN_UNINITIALIZED_AUTOS = YES_AGGRESSIVE;
				GCC_WARN_UNUSED_FUNCTION = YES;
				GCC_WARN_UNUSED_VARIABLE = YES;
				IPHONEOS_DEPLOYMENT_TARGET = 11.2;
				MTL_ENABLE_DEBUG_INFO = YES;
				ONLY_ACTIVE_ARCH = YES;
				SDKROOT = iphoneos;
				SWIFT_ACTIVE_COMPILATION_CONDITIONS = DEBUG;
				SWIFT_OPTIMIZATION_LEVEL = "-Onone";
			};
			name = Debug;
		};
		CF2D7F6F2025E854009CEE18 /* Release */ = {
			isa = XCBuildConfiguration;
			buildSettings = {
				ALWAYS_SEARCH_USER_PATHS = NO;
				CLANG_ANALYZER_NONNULL = YES;
				CLANG_ANALYZER_NUMBER_OBJECT_CONVERSION = YES_AGGRESSIVE;
				CLANG_CXX_LANGUAGE_STANDARD = "gnu++14";
				CLANG_CXX_LIBRARY = "libc++";
				CLANG_ENABLE_MODULES = YES;
				CLANG_ENABLE_OBJC_ARC = YES;
				CLANG_WARN_BLOCK_CAPTURE_AUTORELEASING = YES;
				CLANG_WARN_BOOL_CONVERSION = YES;
				CLANG_WARN_COMMA = YES;
				CLANG_WARN_CONSTANT_CONVERSION = YES;
				CLANG_WARN_DIRECT_OBJC_ISA_USAGE = YES_ERROR;
				CLANG_WARN_DOCUMENTATION_COMMENTS = YES;
				CLANG_WARN_EMPTY_BODY = YES;
				CLANG_WARN_ENUM_CONVERSION = YES;
				CLANG_WARN_INFINITE_RECURSION = YES;
				CLANG_WARN_INT_CONVERSION = YES;
				CLANG_WARN_NON_LITERAL_NULL_CONVERSION = YES;
				CLANG_WARN_OBJC_LITERAL_CONVERSION = YES;
				CLANG_WARN_OBJC_ROOT_CLASS = YES_ERROR;
				CLANG_WARN_RANGE_LOOP_ANALYSIS = YES;
				CLANG_WARN_STRICT_PROTOTYPES = YES;
				CLANG_WARN_SUSPICIOUS_MOVE = YES;
				CLANG_WARN_UNGUARDED_AVAILABILITY = YES_AGGRESSIVE;
				CLANG_WARN_UNREACHABLE_CODE = YES;
				CLANG_WARN__DUPLICATE_METHOD_MATCH = YES;
				CODE_SIGN_IDENTITY = "iPhone Developer";
				COPY_PHASE_STRIP = NO;
				DEBUG_INFORMATION_FORMAT = "dwarf-with-dsym";
				ENABLE_NS_ASSERTIONS = NO;
				ENABLE_STRICT_OBJC_MSGSEND = YES;
				GCC_C_LANGUAGE_STANDARD = gnu11;
				GCC_NO_COMMON_BLOCKS = YES;
				GCC_WARN_64_TO_32_BIT_CONVERSION = YES;
				GCC_WARN_ABOUT_RETURN_TYPE = YES_ERROR;
				GCC_WARN_UNDECLARED_SELECTOR = YES;
				GCC_WARN_UNINITIALIZED_AUTOS = YES_AGGRESSIVE;
				GCC_WARN_UNUSED_FUNCTION = YES;
				GCC_WARN_UNUSED_VARIABLE = YES;
				IPHONEOS_DEPLOYMENT_TARGET = 11.2;
				MTL_ENABLE_DEBUG_INFO = NO;
				SDKROOT = iphoneos;
				SWIFT_OPTIMIZATION_LEVEL = "-Owholemodule";
				VALIDATE_PRODUCT = YES;
			};
			name = Release;
		};
		CF2D7F712025E854009CEE18 /* Debug */ = {
			isa = XCBuildConfiguration;
			buildSettings = {
				ASSETCATALOG_COMPILER_APPICON_NAME = AppIcon;
				CODE_SIGN_STYLE = Automatic;
				DEVELOPMENT_TEAM = SK57NE8988;
				INFOPLIST_FILE = Leaf/Info.plist;
				LD_RUNPATH_SEARCH_PATHS = "$(inherited) @executable_path/Frameworks";
				PRODUCT_BUNDLE_IDENTIFIER = cn.edu.tongji.yangbingjie.Leaf;
				PRODUCT_NAME = "$(TARGET_NAME)";
				SWIFT_VERSION = 4.0;
				TARGETED_DEVICE_FAMILY = "1,2";
			};
			name = Debug;
		};
		CF2D7F722025E854009CEE18 /* Release */ = {
			isa = XCBuildConfiguration;
			buildSettings = {
				ASSETCATALOG_COMPILER_APPICON_NAME = AppIcon;
				CODE_SIGN_STYLE = Automatic;
				DEVELOPMENT_TEAM = SK57NE8988;
				INFOPLIST_FILE = Leaf/Info.plist;
				LD_RUNPATH_SEARCH_PATHS = "$(inherited) @executable_path/Frameworks";
				PRODUCT_BUNDLE_IDENTIFIER = cn.edu.tongji.yangbingjie.Leaf;
				PRODUCT_NAME = "$(TARGET_NAME)";
				SWIFT_VERSION = 4.0;
				TARGETED_DEVICE_FAMILY = "1,2";
			};
			name = Release;
		};
		CF2D7F742025E854009CEE18 /* Debug */ = {
			isa = XCBuildConfiguration;
			buildSettings = {
				ALWAYS_EMBED_SWIFT_STANDARD_LIBRARIES = YES;
				BUNDLE_LOADER = "$(TEST_HOST)";
				CODE_SIGN_STYLE = Automatic;
				DEVELOPMENT_TEAM = SK57NE8988;
				INFOPLIST_FILE = LeafTests/Info.plist;
				LD_RUNPATH_SEARCH_PATHS = "$(inherited) @executable_path/Frameworks @loader_path/Frameworks";
				PRODUCT_BUNDLE_IDENTIFIER = cn.edu.tongji.yangbingjie.LeafTests;
				PRODUCT_NAME = "$(TARGET_NAME)";
				SWIFT_VERSION = 4.0;
				TARGETED_DEVICE_FAMILY = "1,2";
				TEST_HOST = "$(BUILT_PRODUCTS_DIR)/Leaf.app/Leaf";
			};
			name = Debug;
		};
		CF2D7F752025E854009CEE18 /* Release */ = {
			isa = XCBuildConfiguration;
			buildSettings = {
				ALWAYS_EMBED_SWIFT_STANDARD_LIBRARIES = YES;
				BUNDLE_LOADER = "$(TEST_HOST)";
				CODE_SIGN_STYLE = Automatic;
				DEVELOPMENT_TEAM = SK57NE8988;
				INFOPLIST_FILE = LeafTests/Info.plist;
				LD_RUNPATH_SEARCH_PATHS = "$(inherited) @executable_path/Frameworks @loader_path/Frameworks";
				PRODUCT_BUNDLE_IDENTIFIER = cn.edu.tongji.yangbingjie.LeafTests;
				PRODUCT_NAME = "$(TARGET_NAME)";
				SWIFT_VERSION = 4.0;
				TARGETED_DEVICE_FAMILY = "1,2";
				TEST_HOST = "$(BUILT_PRODUCTS_DIR)/Leaf.app/Leaf";
			};
			name = Release;
		};
		CF2D7F772025E854009CEE18 /* Debug */ = {
			isa = XCBuildConfiguration;
			buildSettings = {
				ALWAYS_EMBED_SWIFT_STANDARD_LIBRARIES = YES;
				CODE_SIGN_STYLE = Automatic;
				DEVELOPMENT_TEAM = SK57NE8988;
				INFOPLIST_FILE = LeafUITests/Info.plist;
				LD_RUNPATH_SEARCH_PATHS = "$(inherited) @executable_path/Frameworks @loader_path/Frameworks";
				PRODUCT_BUNDLE_IDENTIFIER = cn.edu.tongji.yangbingjie.LeafUITests;
				PRODUCT_NAME = "$(TARGET_NAME)";
				SWIFT_VERSION = 4.0;
				TARGETED_DEVICE_FAMILY = "1,2";
				TEST_TARGET_NAME = Leaf;
			};
			name = Debug;
		};
		CF2D7F782025E854009CEE18 /* Release */ = {
			isa = XCBuildConfiguration;
			buildSettings = {
				ALWAYS_EMBED_SWIFT_STANDARD_LIBRARIES = YES;
				CODE_SIGN_STYLE = Automatic;
				DEVELOPMENT_TEAM = SK57NE8988;
				INFOPLIST_FILE = LeafUITests/Info.plist;
				LD_RUNPATH_SEARCH_PATHS = "$(inherited) @executable_path/Frameworks @loader_path/Frameworks";
				PRODUCT_BUNDLE_IDENTIFIER = cn.edu.tongji.yangbingjie.LeafUITests;
				PRODUCT_NAME = "$(TARGET_NAME)";
				SWIFT_VERSION = 4.0;
				TARGETED_DEVICE_FAMILY = "1,2";
				TEST_TARGET_NAME = Leaf;
			};
			name = Release;
		};
/* End XCBuildConfiguration section */

/* Begin XCConfigurationList section */
		CF2D7F432025E854009CEE18 /* Build configuration list for PBXProject "Leaf" */ = {
			isa = XCConfigurationList;
			buildConfigurations = (
				CF2D7F6E2025E854009CEE18 /* Debug */,
				CF2D7F6F2025E854009CEE18 /* Release */,
			);
			defaultConfigurationIsVisible = 0;
			defaultConfigurationName = Release;
		};
		CF2D7F702025E854009CEE18 /* Build configuration list for PBXNativeTarget "Leaf" */ = {
			isa = XCConfigurationList;
			buildConfigurations = (
				CF2D7F712025E854009CEE18 /* Debug */,
				CF2D7F722025E854009CEE18 /* Release */,
			);
			defaultConfigurationIsVisible = 0;
			defaultConfigurationName = Release;
		};
		CF2D7F732025E854009CEE18 /* Build configuration list for PBXNativeTarget "LeafTests" */ = {
			isa = XCConfigurationList;
			buildConfigurations = (
				CF2D7F742025E854009CEE18 /* Debug */,
				CF2D7F752025E854009CEE18 /* Release */,
			);
			defaultConfigurationIsVisible = 0;
			defaultConfigurationName = Release;
		};
		CF2D7F762025E854009CEE18 /* Build configuration list for PBXNativeTarget "LeafUITests" */ = {
			isa = XCConfigurationList;
			buildConfigurations = (
				CF2D7F772025E854009CEE18 /* Debug */,
				CF2D7F782025E854009CEE18 /* Release */,
			);
			defaultConfigurationIsVisible = 0;
			defaultConfigurationName = Release;
		};
/* End XCConfigurationList section */
	};
	rootObject = CF2D7F402025E854009CEE18 /* Project object */;
}
